
Microsoft Visual Studio Solution File, Format Version 12.00
# Visual Studio Version 16
VisualStudioVersion = 16.0.31112.23
MinimumVisualStudioVersion = 10.0.40219.1
Project("{9A19103F-16F7-4668-BE54-9A1E7A4F7556}") = "Api", "Api\Api.csproj", "{3657D1A7-09D0-4B0C-B9A0-D7845BCBCA4D}"
EndProject
Project("{FAE04EC0-301F-11D3-BF4B-00C04F79EFBC}") = "Data", "Data\Data.csproj", "{CFF90C29-C12E-47D5-9BA8-D815CBF0CD94}"
EndProject
Project("{FAE04EC0-301F-11D3-BF4B-00C04F79EFBC}") = "Test", "Test\Test.csproj", "{E40401DD-0307-40F0-8A4D-7AD30C5A6DAA}"
EndProject
Project("{9A19103F-16F7-4668-BE54-9A1E7A4F7556}") = "Core", "Core\Core.csproj", "{70DB05CD-A7F1-4768-8109-3798B05345C9}"
EndProject
Global
	GlobalSection(SolutionConfigurationPlatforms) = preSolution
		Debug|Any CPU = Debug|Any CPU
		Release|Any CPU = Release|Any CPU
	EndGlobalSection
	GlobalSection(ProjectConfigurationPlatforms) = postSolution
		{3657D1A7-09D0-4B0C-B9A0-D7845BCBCA4D}.Debug|Any CPU.ActiveCfg = Debug|Any CPU
		{3657D1A7-09D0-4B0C-B9A0-D7845BCBCA4D}.Debug|Any CPU.Build.0 = Debug|Any CPU
		{3657D1A7-09D0-4B0C-B9A0-D7845BCBCA4D}.Release|Any CPU.ActiveCfg = Release|Any CPU
		{3657D1A7-09D0-4B0C-B9A0-D7845BCBCA4D}.Release|Any CPU.Build.0 = Release|Any CPU
		{CFF90C29-C12E-47D5-9BA8-D815CBF0CD94}.Debug|Any CPU.ActiveCfg = Debug|Any CPU
		{CFF90C29-C12E-47D5-9BA8-D815CBF0CD94}.Debug|Any CPU.Build.0 = Debug|Any CPU
		{CFF90C29-C12E-47D5-9BA8-D815CBF0CD94}.Release|Any CPU.ActiveCfg = Release|Any CPU
		{CFF90C29-C12E-47D5-9BA8-D815CBF0CD94}.Release|Any CPU.Build.0 = Release|Any CPU
		{E40401DD-0307-40F0-8A4D-7AD30C5A6DAA}.Debug|Any CPU.ActiveCfg = Debug|Any CPU
		{E40401DD-0307-40F0-8A4D-7AD30C5A6DAA}.Debug|Any CPU.Build.0 = Debug|Any CPU
		{E40401DD-0307-40F0-8A4D-7AD30C5A6DAA}.Release|Any CPU.ActiveCfg = Release|Any CPU
		{E40401DD-0307-40F0-8A4D-7AD30C5A6DAA}.Release|Any CPU.Build.0 = Release|Any CPU
		{70DB05CD-A7F1-4768-8109-3798B05345C9}.Debug|Any CPU.ActiveCfg = Debug|Any CPU
		{70DB05CD-A7F1-4768-8109-3798B05345C9}.Debug|Any CPU.Build.0 = Debug|Any CPU
		{70DB05CD-A7F1-4768-8109-3798B05345C9}.Release|Any CPU.ActiveCfg = Release|Any CPU
		{70DB05CD-A7F1-4768-8109-3798B05345C9}.Release|Any CPU.Build.0 = Release|Any CPU
	EndGlobalSection
	GlobalSection(SolutionProperties) = preSolution
		HideSolutionNode = FALSE
	EndGlobalSection
	GlobalSection(ExtensibilityGlobals) = postSolution
		SolutionGuid = {ECE41670-2EB6-48ED-A06D-C2A124FD0270}
	EndGlobalSection
EndGlobal
